
Microsoft Visual Studio Solution File, Format Version 12.00
# Visual Studio Version 17
VisualStudioVersion = 17.14.36212.18 d17.14
MinimumVisualStudioVersion = 10.0.40219.1
Project("{FAE04EC0-301F-11D3-BF4B-00C04F79EFBC}") = "Farmacia", "Farmacia.csproj", "{489C5AE0-F67D-4504-A6A7-6DB5CA877683}"
EndProject
Global
	GlobalSection(SolutionConfigurationPlatforms) = preSolution
		Debug|Any CPU = Debug|Any CPU
		Release|Any CPU = Release|Any CPU
	EndGlobalSection
	GlobalSection(ProjectConfigurationPlatforms) = postSolution
		{489C5AE0-F67D-4504-A6A7-6DB5CA877683}.Debug|Any CPU.ActiveCfg = Debug|Any CPU
		{489C5AE0-F67D-4504-A6A7-6DB5CA877683}.Debug|Any CPU.Build.0 = Debug|Any CPU
		{489C5AE0-F67D-4504-A6A7-6DB5CA877683}.Release|Any CPU.ActiveCfg = Release|Any CPU
		{489C5AE0-F67D-4504-A6A7-6DB5CA877683}.Release|Any CPU.Build.0 = Release|Any CPU
	EndGlobalSection
	GlobalSection(SolutionProperties) = preSolution
		HideSolutionNode = FALSE
	EndGlobalSection
	GlobalSection(ExtensibilityGlobals) = postSolution
		SolutionGuid = {B39BA54C-0233-4EEE-B44A-27EE227D9AF5}
	EndGlobalSection
EndGlobal
